
Microsoft Visual Studio Solution File, Format Version 12.00
# Visual Studio Version 17
VisualStudioVersion = 17.12.35527.113
MinimumVisualStudioVersion = 10.0.40219.1
Project("{FAE04EC0-301F-11D3-BF4B-00C04F79EFBC}") = "BlazorWebApp", "BlazorWebApp\BlazorWebApp\BlazorWebApp.csproj", "{C4E2C859-2284-43DB-AC95-3664B5AC7AC5}"
EndProject
Project("{FAE04EC0-301F-11D3-BF4B-00C04F79EFBC}") = "BlazorWebApp.Client", "BlazorWebApp\BlazorWebApp.Client\BlazorWebApp.Client.csproj", "{E8307A46-8FFB-4258-A564-16C00FC9D49B}"
EndProject
Global
	GlobalSection(SolutionConfigurationPlatforms) = preSolution
		Debug|Any CPU = Debug|Any CPU
		Release|Any CPU = Release|Any CPU
	EndGlobalSection
	GlobalSection(ProjectConfigurationPlatforms) = postSolution
		{C4E2C859-2284-43DB-AC95-3664B5AC7AC5}.Debug|Any CPU.ActiveCfg = Debug|Any CPU
		{C4E2C859-2284-43DB-AC95-3664B5AC7AC5}.Debug|Any CPU.Build.0 = Debug|Any CPU
		{C4E2C859-2284-43DB-AC95-3664B5AC7AC5}.Release|Any CPU.ActiveCfg = Release|Any CPU
		{C4E2C859-2284-43DB-AC95-3664B5AC7AC5}.Release|Any CPU.Build.0 = Release|Any CPU
		{E8307A46-8FFB-4258-A564-16C00FC9D49B}.Debug|Any CPU.ActiveCfg = Debug|Any CPU
		{E8307A46-8FFB-4258-A564-16C00FC9D49B}.Debug|Any CPU.Build.0 = Debug|Any CPU
		{E8307A46-8FFB-4258-A564-16C00FC9D49B}.Release|Any CPU.ActiveCfg = Release|Any CPU
		{E8307A46-8FFB-4258-A564-16C00FC9D49B}.Release|Any CPU.Build.0 = Release|Any CPU
	EndGlobalSection
	GlobalSection(SolutionProperties) = preSolution
		HideSolutionNode = FALSE
	EndGlobalSection
EndGlobal
